// !$*UTF8*$!
{
	archiveVersion = 1;
	classes = {
	};
	objectVersion = 50;
	objects = {

/* Begin PBXBuildFile section */
		2B0E916A22621F0300F5AFFA /* Filter.cpp in Sources */ = {isa = PBXBuildFile; fileRef = 2B0E916822621F0300F5AFFA /* Filter.cpp */; };
		2B8A75B82243798100BF062B /* main.cpp in Sources */ = {isa = PBXBuildFile; fileRef = 2B8A75B72243798100BF062B /* main.cpp */; };
		2B8A792322437C3300BF062B /* libopencv_imgproc.4.0.1.dylib in Frameworks */ = {isa = PBXBuildFile; fileRef = 2B8A78F922437C3300BF062B /* libopencv_imgproc.4.0.1.dylib */; };
		2B8A792422437C3300BF062B /* libopencv_stitching.4.0.1.dylib in Frameworks */ = {isa = PBXBuildFile; fileRef = 2B8A78FA22437C3300BF062B /* libopencv_stitching.4.0.1.dylib */; };
		2B8A792522437C3300BF062B /* libopencv_ml.4.0.1.dylib in Frameworks */ = {isa = PBXBuildFile; fileRef = 2B8A78FB22437C3300BF062B /* libopencv_ml.4.0.1.dylib */; };
		2B8A792622437C3300BF062B /* libopencv_saliency.4.0.1.dylib in Frameworks */ = {isa = PBXBuildFile; fileRef = 2B8A78FC22437C3300BF062B /* libopencv_saliency.4.0.1.dylib */; };
		2B8A792722437C3300BF062B /* libopencv_plot.4.0.1.dylib in Frameworks */ = {isa = PBXBuildFile; fileRef = 2B8A78FD22437C3300BF062B /* libopencv_plot.4.0.1.dylib */; };
		2B8A792822437C3300BF062B /* libopencv_ccalib.4.0.1.dylib in Frameworks */ = {isa = PBXBuildFile; fileRef = 2B8A78FE22437C3300BF062B /* libopencv_ccalib.4.0.1.dylib */; };
		2B8A792922437C3300BF062B /* libopencv_tracking.4.0.1.dylib in Frameworks */ = {isa = PBXBuildFile; fileRef = 2B8A78FF22437C3300BF062B /* libopencv_tracking.4.0.1.dylib */; };
		2B8A792A22437C3300BF062B /* libopencv_videoio.4.0.1.dylib in Frameworks */ = {isa = PBXBuildFile; fileRef = 2B8A790022437C3300BF062B /* libopencv_videoio.4.0.1.dylib */; };
		2B8A792B22437C3300BF062B /* libopencv_aruco.4.0.1.dylib in Frameworks */ = {isa = PBXBuildFile; fileRef = 2B8A790122437C3300BF062B /* libopencv_aruco.4.0.1.dylib */; };
		2B8A792C22437C3400BF062B /* libopencv_ximgproc.4.0.1.dylib in Frameworks */ = {isa = PBXBuildFile; fileRef = 2B8A790222437C3300BF062B /* libopencv_ximgproc.4.0.1.dylib */; };
		2B8A792D22437C3400BF062B /* libopencv_xphoto.4.0.1.dylib in Frameworks */ = {isa = PBXBuildFile; fileRef = 2B8A790322437C3300BF062B /* libopencv_xphoto.4.0.1.dylib */; };
		2B8A792E22437C3400BF062B /* libopencv_video.4.0.1.dylib in Frameworks */ = {isa = PBXBuildFile; fileRef = 2B8A790422437C3300BF062B /* libopencv_video.4.0.1.dylib */; };
		2B8A792F22437C3400BF062B /* libopencv_rgbd.4.0.1.dylib in Frameworks */ = {isa = PBXBuildFile; fileRef = 2B8A790522437C3300BF062B /* libopencv_rgbd.4.0.1.dylib */; };
		2B8A793022437C3400BF062B /* libopencv_bgsegm.4.0.1.dylib in Frameworks */ = {isa = PBXBuildFile; fileRef = 2B8A790622437C3300BF062B /* libopencv_bgsegm.4.0.1.dylib */; };
		2B8A793122437C3400BF062B /* libopencv_objdetect.4.0.1.dylib in Frameworks */ = {isa = PBXBuildFile; fileRef = 2B8A790722437C3300BF062B /* libopencv_objdetect.4.0.1.dylib */; };
		2B8A793222437C3400BF062B /* libopencv_hfs.4.0.1.dylib in Frameworks */ = {isa = PBXBuildFile; fileRef = 2B8A790822437C3300BF062B /* libopencv_hfs.4.0.1.dylib */; };
		2B8A793322437C3400BF062B /* libopencv_phase_unwrapping.4.0.1.dylib in Frameworks */ = {isa = PBXBuildFile; fileRef = 2B8A790922437C3300BF062B /* libopencv_phase_unwrapping.4.0.1.dylib */; };
		2B8A793422437C3400BF062B /* libopencv_stereo.4.0.1.dylib in Frameworks */ = {isa = PBXBuildFile; fileRef = 2B8A790A22437C3300BF062B /* libopencv_stereo.4.0.1.dylib */; };
		2B8A793522437C3400BF062B /* libopencv_face.4.0.1.dylib in Frameworks */ = {isa = PBXBuildFile; fileRef = 2B8A790B22437C3300BF062B /* libopencv_face.4.0.1.dylib */; };
		2B8A793622437C3400BF062B /* libopencv_structured_light.4.0.1.dylib in Frameworks */ = {isa = PBXBuildFile; fileRef = 2B8A790C22437C3300BF062B /* libopencv_structured_light.4.0.1.dylib */; };
		2B8A793722437C3400BF062B /* libopencv_videostab.4.0.1.dylib in Frameworks */ = {isa = PBXBuildFile; fileRef = 2B8A790D22437C3300BF062B /* libopencv_videostab.4.0.1.dylib */; };
		2B8A793822437C3400BF062B /* libopencv_xfeatures2d.4.0.1.dylib in Frameworks */ = {isa = PBXBuildFile; fileRef = 2B8A790E22437C3300BF062B /* libopencv_xfeatures2d.4.0.1.dylib */; };
		2B8A793922437C3400BF062B /* libopencv_calib3d.4.0.1.dylib in Frameworks */ = {isa = PBXBuildFile; fileRef = 2B8A790F22437C3300BF062B /* libopencv_calib3d.4.0.1.dylib */; };
		2B8A793A22437C3400BF062B /* libopencv_img_hash.4.0.1.dylib in Frameworks */ = {isa = PBXBuildFile; fileRef = 2B8A791022437C3300BF062B /* libopencv_img_hash.4.0.1.dylib */; };
		2B8A793B22437C3400BF062B /* libopencv_fuzzy.4.0.1.dylib in Frameworks */ = {isa = PBXBuildFile; fileRef = 2B8A791122437C3300BF062B /* libopencv_fuzzy.4.0.1.dylib */; };
		2B8A793C22437C3400BF062B /* libopencv_gapi.4.0.1.dylib in Frameworks */ = {isa = PBXBuildFile; fileRef = 2B8A791222437C3300BF062B /* libopencv_gapi.4.0.1.dylib */; };
		2B8A793D22437C3400BF062B /* libopencv_xobjdetect.4.0.1.dylib in Frameworks */ = {isa = PBXBuildFile; fileRef = 2B8A791322437C3300BF062B /* libopencv_xobjdetect.4.0.1.dylib */; };
		2B8A793E22437C3400BF062B /* libopencv_highgui.4.0.1.dylib in Frameworks */ = {isa = PBXBuildFile; fileRef = 2B8A791422437C3300BF062B /* libopencv_highgui.4.0.1.dylib */; };
		2B8A793F22437C3400BF062B /* libopencv_flann.4.0.1.dylib in Frameworks */ = {isa = PBXBuildFile; fileRef = 2B8A791522437C3300BF062B /* libopencv_flann.4.0.1.dylib */; };
		2B8A794022437C3400BF062B /* libopencv_photo.4.0.1.dylib in Frameworks */ = {isa = PBXBuildFile; fileRef = 2B8A791622437C3300BF062B /* libopencv_photo.4.0.1.dylib */; };
		2B8A794122437C3400BF062B /* libopencv_datasets.4.0.1.dylib in Frameworks */ = {isa = PBXBuildFile; fileRef = 2B8A791722437C3300BF062B /* libopencv_datasets.4.0.1.dylib */; };
		2B8A794222437C3400BF062B /* libopencv_dnn_objdetect.4.0.1.dylib in Frameworks */ = {isa = PBXBuildFile; fileRef = 2B8A791822437C3300BF062B /* libopencv_dnn_objdetect.4.0.1.dylib */; };
		2B8A794322437C3400BF062B /* libopencv_reg.4.0.1.dylib in Frameworks */ = {isa = PBXBuildFile; fileRef = 2B8A791922437C3300BF062B /* libopencv_reg.4.0.1.dylib */; };
		2B8A794422437C3400BF062B /* libopencv_imgcodecs.4.0.1.dylib in Frameworks */ = {isa = PBXBuildFile; fileRef = 2B8A791A22437C3300BF062B /* libopencv_imgcodecs.4.0.1.dylib */; };
		2B8A794522437C3400BF062B /* libopencv_surface_matching.4.0.1.dylib in Frameworks */ = {isa = PBXBuildFile; fileRef = 2B8A791B22437C3300BF062B /* libopencv_surface_matching.4.0.1.dylib */; };
		2B8A794622437C3400BF062B /* libopencv_bioinspired.4.0.1.dylib in Frameworks */ = {isa = PBXBuildFile; fileRef = 2B8A791C22437C3300BF062B /* libopencv_bioinspired.4.0.1.dylib */; };
		2B8A794722437C3400BF062B /* libopencv_line_descriptor.4.0.1.dylib in Frameworks */ = {isa = PBXBuildFile; fileRef = 2B8A791D22437C3300BF062B /* libopencv_line_descriptor.4.0.1.dylib */; };
		2B8A794822437C3400BF062B /* libopencv_features2d.4.0.1.dylib in Frameworks */ = {isa = PBXBuildFile; fileRef = 2B8A791E22437C3300BF062B /* libopencv_features2d.4.0.1.dylib */; };
		2B8A794922437C3400BF062B /* libopencv_core.4.0.1.dylib in Frameworks */ = {isa = PBXBuildFile; fileRef = 2B8A791F22437C3300BF062B /* libopencv_core.4.0.1.dylib */; };
		2B8A794A22437C3400BF062B /* libopencv_shape.4.0.1.dylib in Frameworks */ = {isa = PBXBuildFile; fileRef = 2B8A792022437C3300BF062B /* libopencv_shape.4.0.1.dylib */; };
		2B8A794B22437C3400BF062B /* libopencv_optflow.4.0.1.dylib in Frameworks */ = {isa = PBXBuildFile; fileRef = 2B8A792122437C3300BF062B /* libopencv_optflow.4.0.1.dylib */; };
		2B8A794C22437C3400BF062B /* libopencv_superres.4.0.1.dylib in Frameworks */ = {isa = PBXBuildFile; fileRef = 2B8A792222437C3300BF062B /* libopencv_superres.4.0.1.dylib */; };
		2BF7E53B2243E83400515AE1 /* libopencv_dnn.4.0.1.dylib in Frameworks */ = {isa = PBXBuildFile; fileRef = 2BF7E53A2243E83400515AE1 /* libopencv_dnn.4.0.1.dylib */; };
/* End PBXBuildFile section */

/* Begin PBXCopyFilesBuildPhase section */
		2B8A75B22243798100BF062B /* CopyFiles */ = {
			isa = PBXCopyFilesBuildPhase;
			buildActionMask = 2147483647;
			dstPath = /usr/share/man/man1/;
			dstSubfolderSpec = 0;
			files = (
			);
			runOnlyForDeploymentPostprocessing = 1;
		};
/* End PBXCopyFilesBuildPhase section */

/* Begin PBXFileReference section */
		2B0E916822621F0300F5AFFA /* Filter.cpp */ = {isa = PBXFileReference; lastKnownFileType = sourcecode.cpp.cpp; path = Filter.cpp; sourceTree = "<group>"; };
		2B670ADA22647D6B0073868A /* Filter.hpp */ = {isa = PBXFileReference; lastKnownFileType = sourcecode.cpp.h; path = Filter.hpp; sourceTree = "<group>"; };
		2B8A75B42243798100BF062B /* OPENCV */ = {isa = PBXFileReference; explicitFileType = "compiled.mach-o.executable"; includeInIndex = 0; path = OPENCV; sourceTree = BUILT_PRODUCTS_DIR; };
		2B8A75B72243798100BF062B /* main.cpp */ = {isa = PBXFileReference; lastKnownFileType = sourcecode.cpp.cpp; path = main.cpp; sourceTree = "<group>"; };
		2B8A78F922437C3300BF062B /* libopencv_imgproc.4.0.1.dylib */ = {isa = PBXFileReference; lastKnownFileType = "compiled.mach-o.dylib"; name = libopencv_imgproc.4.0.1.dylib; path = ../../../../../../usr/local/Cellar/opencv/4.0.1/lib/libopencv_imgproc.4.0.1.dylib; sourceTree = "<group>"; };
		2B8A78FA22437C3300BF062B /* libopencv_stitching.4.0.1.dylib */ = {isa = PBXFileReference; lastKnownFileType = "compiled.mach-o.dylib"; name = libopencv_stitching.4.0.1.dylib; path = ../../../../../../usr/local/Cellar/opencv/4.0.1/lib/libopencv_stitching.4.0.1.dylib; sourceTree = "<group>"; };
		2B8A78FB22437C3300BF062B /* libopencv_ml.4.0.1.dylib */ = {isa = PBXFileReference; lastKnownFileType = "compiled.mach-o.dylib"; name = libopencv_ml.4.0.1.dylib; path = ../../../../../../usr/local/Cellar/opencv/4.0.1/lib/libopencv_ml.4.0.1.dylib; sourceTree = "<group>"; };
		2B8A78FC22437C3300BF062B /* libopencv_saliency.4.0.1.dylib */ = {isa = PBXFileReference; lastKnownFileType = "compiled.mach-o.dylib"; name = libopencv_saliency.4.0.1.dylib; path = ../../../../../../usr/local/Cellar/opencv/4.0.1/lib/libopencv_saliency.4.0.1.dylib; sourceTree = "<group>"; };
		2B8A78FD22437C3300BF062B /* libopencv_plot.4.0.1.dylib */ = {isa = PBXFileReference; lastKnownFileType = "compiled.mach-o.dylib"; name = libopencv_plot.4.0.1.dylib; path = ../../../../../../usr/local/Cellar/opencv/4.0.1/lib/libopencv_plot.4.0.1.dylib; sourceTree = "<group>"; };
		2B8A78FE22437C3300BF062B /* libopencv_ccalib.4.0.1.dylib */ = {isa = PBXFileReference; lastKnownFileType = "compiled.mach-o.dylib"; name = libopencv_ccalib.4.0.1.dylib; path = ../../../../../../usr/local/Cellar/opencv/4.0.1/lib/libopencv_ccalib.4.0.1.dylib; sourceTree = "<group>"; };
		2B8A78FF22437C3300BF062B /* libopencv_tracking.4.0.1.dylib */ = {isa = PBXFileReference; lastKnownFileType = "compiled.mach-o.dylib"; name = libopencv_tracking.4.0.1.dylib; path = ../../../../../../usr/local/Cellar/opencv/4.0.1/lib/libopencv_tracking.4.0.1.dylib; sourceTree = "<group>"; };
		2B8A790022437C3300BF062B /* libopencv_videoio.4.0.1.dylib */ = {isa = PBXFileReference; lastKnownFileType = "compiled.mach-o.dylib"; name = libopencv_videoio.4.0.1.dylib; path = ../../../../../../usr/local/Cellar/opencv/4.0.1/lib/libopencv_videoio.4.0.1.dylib; sourceTree = "<group>"; };
		2B8A790122437C3300BF062B /* libopencv_aruco.4.0.1.dylib */ = {isa = PBXFileReference; lastKnownFileType = "compiled.mach-o.dylib"; name = libopencv_aruco.4.0.1.dylib; path = ../../../../../../usr/local/Cellar/opencv/4.0.1/lib/libopencv_aruco.4.0.1.dylib; sourceTree = "<group>"; };
		2B8A790222437C3300BF062B /* libopencv_ximgproc.4.0.1.dylib */ = {isa = PBXFileReference; lastKnownFileType = "compiled.mach-o.dylib"; name = libopencv_ximgproc.4.0.1.dylib; path = ../../../../../../usr/local/Cellar/opencv/4.0.1/lib/libopencv_ximgproc.4.0.1.dylib; sourceTree = "<group>"; };
		2B8A790322437C3300BF062B /* libopencv_xphoto.4.0.1.dylib */ = {isa = PBXFileReference; lastKnownFileType = "compiled.mach-o.dylib"; name = libopencv_xphoto.4.0.1.dylib; path = ../../../../../../usr/local/Cellar/opencv/4.0.1/lib/libopencv_xphoto.4.0.1.dylib; sourceTree = "<group>"; };
		2B8A790422437C3300BF062B /* libopencv_video.4.0.1.dylib */ = {isa = PBXFileReference; lastKnownFileType = "compiled.mach-o.dylib"; name = libopencv_video.4.0.1.dylib; path = ../../../../../../usr/local/Cellar/opencv/4.0.1/lib/libopencv_video.4.0.1.dylib; sourceTree = "<group>"; };
		2B8A790522437C3300BF062B /* libopencv_rgbd.4.0.1.dylib */ = {isa = PBXFileReference; lastKnownFileType = "compiled.mach-o.dylib"; name = libopencv_rgbd.4.0.1.dylib; path = ../../../../../../usr/local/Cellar/opencv/4.0.1/lib/libopencv_rgbd.4.0.1.dylib; sourceTree = "<group>"; };
		2B8A790622437C3300BF062B /* libopencv_bgsegm.4.0.1.dylib */ = {isa = PBXFileReference; lastKnownFileType = "compiled.mach-o.dylib"; name = libopencv_bgsegm.4.0.1.dylib; path = ../../../../../../usr/local/Cellar/opencv/4.0.1/lib/libopencv_bgsegm.4.0.1.dylib; sourceTree = "<group>"; };
		2B8A790722437C3300BF062B /* libopencv_objdetect.4.0.1.dylib */ = {isa = PBXFileReference; lastKnownFileType = "compiled.mach-o.dylib"; name = libopencv_objdetect.4.0.1.dylib; path = ../../../../../../usr/local/Cellar/opencv/4.0.1/lib/libopencv_objdetect.4.0.1.dylib; sourceTree = "<group>"; };
		2B8A790822437C3300BF062B /* libopencv_hfs.4.0.1.dylib */ = {isa = PBXFileReference; lastKnownFileType = "compiled.mach-o.dylib"; name = libopencv_hfs.4.0.1.dylib; path = ../../../../../../usr/local/Cellar/opencv/4.0.1/lib/libopencv_hfs.4.0.1.dylib; sourceTree = "<group>"; };
		2B8A790922437C3300BF062B /* libopencv_phase_unwrapping.4.0.1.dylib */ = {isa = PBXFileReference; lastKnownFileType = "compiled.mach-o.dylib"; name = libopencv_phase_unwrapping.4.0.1.dylib; path = ../../../../../../usr/local/Cellar/opencv/4.0.1/lib/libopencv_phase_unwrapping.4.0.1.dylib; sourceTree = "<group>"; };
		2B8A790A22437C3300BF062B /* libopencv_stereo.4.0.1.dylib */ = {isa = PBXFileReference; lastKnownFileType = "compiled.mach-o.dylib"; name = libopencv_stereo.4.0.1.dylib; path = ../../../../../../usr/local/Cellar/opencv/4.0.1/lib/libopencv_stereo.4.0.1.dylib; sourceTree = "<group>"; };
		2B8A790B22437C3300BF062B /* libopencv_face.4.0.1.dylib */ = {isa = PBXFileReference; lastKnownFileType = "compiled.mach-o.dylib"; name = libopencv_face.4.0.1.dylib; path = ../../../../../../usr/local/Cellar/opencv/4.0.1/lib/libopencv_face.4.0.1.dylib; sourceTree = "<group>"; };
		2B8A790C22437C3300BF062B /* libopencv_structured_light.4.0.1.dylib */ = {isa = PBXFileReference; lastKnownFileType = "compiled.mach-o.dylib"; name = libopencv_structured_light.4.0.1.dylib; path = ../../../../../../usr/local/Cellar/opencv/4.0.1/lib/libopencv_structured_light.4.0.1.dylib; sourceTree = "<group>"; };
		2B8A790D22437C3300BF062B /* libopencv_videostab.4.0.1.dylib */ = {isa = PBXFileReference; lastKnownFileType = "compiled.mach-o.dylib"; name = libopencv_videostab.4.0.1.dylib; path = ../../../../../../usr/local/Cellar/opencv/4.0.1/lib/libopencv_videostab.4.0.1.dylib; sourceTree = "<group>"; };
		2B8A790E22437C3300BF062B /* libopencv_xfeatures2d.4.0.1.dylib */ = {isa = PBXFileReference; lastKnownFileType = "compiled.mach-o.dylib"; name = libopencv_xfeatures2d.4.0.1.dylib; path = ../../../../../../usr/local/Cellar/opencv/4.0.1/lib/libopencv_xfeatures2d.4.0.1.dylib; sourceTree = "<group>"; };
		2B8A790F22437C3300BF062B /* libopencv_calib3d.4.0.1.dylib */ = {isa = PBXFileReference; lastKnownFileType = "compiled.mach-o.dylib"; name = libopencv_calib3d.4.0.1.dylib; path = ../../../../../../usr/local/Cellar/opencv/4.0.1/lib/libopencv_calib3d.4.0.1.dylib; sourceTree = "<group>"; };
		2B8A791022437C3300BF062B /* libopencv_img_hash.4.0.1.dylib */ = {isa = PBXFileReference; lastKnownFileType = "compiled.mach-o.dylib"; name = libopencv_img_hash.4.0.1.dylib; path = ../../../../../../usr/local/Cellar/opencv/4.0.1/lib/libopencv_img_hash.4.0.1.dylib; sourceTree = "<group>"; };
		2B8A791122437C3300BF062B /* libopencv_fuzzy.4.0.1.dylib */ = {isa = PBXFileReference; lastKnownFileType = "compiled.mach-o.dylib"; name = libopencv_fuzzy.4.0.1.dylib; path = ../../../../../../usr/local/Cellar/opencv/4.0.1/lib/libopencv_fuzzy.4.0.1.dylib; sourceTree = "<group>"; };
		2B8A791222437C3300BF062B /* libopencv_gapi.4.0.1.dylib */ = {isa = PBXFileReference; lastKnownFileType = "compiled.mach-o.dylib"; name = libopencv_gapi.4.0.1.dylib; path = ../../../../../../usr/local/Cellar/opencv/4.0.1/lib/libopencv_gapi.4.0.1.dylib; sourceTree = "<group>"; };
		2B8A791322437C3300BF062B /* libopencv_xobjdetect.4.0.1.dylib */ = {isa = PBXFileReference; lastKnownFileType = "compiled.mach-o.dylib"; name = libopencv_xobjdetect.4.0.1.dylib; path = ../../../../../../usr/local/Cellar/opencv/4.0.1/lib/libopencv_xobjdetect.4.0.1.dylib; sourceTree = "<group>"; };
		2B8A791422437C3300BF062B /* libopencv_highgui.4.0.1.dylib */ = {isa = PBXFileReference; lastKnownFileType = "compiled.mach-o.dylib"; name = libopencv_highgui.4.0.1.dylib; path = ../../../../../../usr/local/Cellar/opencv/4.0.1/lib/libopencv_highgui.4.0.1.dylib; sourceTree = "<group>"; };
		2B8A791522437C3300BF062B /* libopencv_flann.4.0.1.dylib */ = {isa = PBXFileReference; lastKnownFileType = "compiled.mach-o.dylib"; name = libopencv_flann.4.0.1.dylib; path = ../../../../../../usr/local/Cellar/opencv/4.0.1/lib/libopencv_flann.4.0.1.dylib; sourceTree = "<group>"; };
		2B8A791622437C3300BF062B /* libopencv_photo.4.0.1.dylib */ = {isa = PBXFileReference; lastKnownFileType = "compiled.mach-o.dylib"; name = libopencv_photo.4.0.1.dylib; path = ../../../../../../usr/local/Cellar/opencv/4.0.1/lib/libopencv_photo.4.0.1.dylib; sourceTree = "<group>"; };
		2B8A791722437C3300BF062B /* libopencv_datasets.4.0.1.dylib */ = {isa = PBXFileReference; lastKnownFileType = "compiled.mach-o.dylib"; name = libopencv_datasets.4.0.1.dylib; path = ../../../../../../usr/local/Cellar/opencv/4.0.1/lib/libopencv_datasets.4.0.1.dylib; sourceTree = "<group>"; };
		2B8A791822437C3300BF062B /* libopencv_dnn_objdetect.4.0.1.dylib */ = {isa = PBXFileReference; lastKnownFileType = "compiled.mach-o.dylib"; name = libopencv_dnn_objdetect.4.0.1.dylib; path = ../../../../../../usr/local/Cellar/opencv/4.0.1/lib/libopencv_dnn_objdetect.4.0.1.dylib; sourceTree = "<group>"; };
		2B8A791922437C3300BF062B /* libopencv_reg.4.0.1.dylib */ = {isa = PBXFileReference; lastKnownFileType = "compiled.mach-o.dylib"; name = libopencv_reg.4.0.1.dylib; path = ../../../../../../usr/local/Cellar/opencv/4.0.1/lib/libopencv_reg.4.0.1.dylib; sourceTree = "<group>"; };
		2B8A791A22437C3300BF062B /* libopencv_imgcodecs.4.0.1.dylib */ = {isa = PBXFileReference; lastKnownFileType = "compiled.mach-o.dylib"; name = libopencv_imgcodecs.4.0.1.dylib; path = ../../../../../../usr/local/Cellar/opencv/4.0.1/lib/libopencv_imgcodecs.4.0.1.dylib; sourceTree = "<group>"; };
		2B8A791B22437C3300BF062B /* libopencv_surface_matching.4.0.1.dylib */ = {isa = PBXFileReference; lastKnownFileType = "compiled.mach-o.dylib"; name = libopencv_surface_matching.4.0.1.dylib; path = ../../../../../../usr/local/Cellar/opencv/4.0.1/lib/libopencv_surface_matching.4.0.1.dylib; sourceTree = "<group>"; };
		2B8A791C22437C3300BF062B /* libopencv_bioinspired.4.0.1.dylib */ = {isa = PBXFileReference; lastKnownFileType = "compiled.mach-o.dylib"; name = libopencv_bioinspired.4.0.1.dylib; path = ../../../../../../usr/local/Cellar/opencv/4.0.1/lib/libopencv_bioinspired.4.0.1.dylib; sourceTree = "<group>"; };
		2B8A791D22437C3300BF062B /* libopencv_line_descriptor.4.0.1.dylib */ = {isa = PBXFileReference; lastKnownFileType = "compiled.mach-o.dylib"; name = libopencv_line_descriptor.4.0.1.dylib; path = ../../../../../../usr/local/Cellar/opencv/4.0.1/lib/libopencv_line_descriptor.4.0.1.dylib; sourceTree = "<group>"; };
		2B8A791E22437C3300BF062B /* libopencv_features2d.4.0.1.dylib */ = {isa = PBXFileReference; lastKnownFileType = "compiled.mach-o.dylib"; name = libopencv_features2d.4.0.1.dylib; path = ../../../../../../usr/local/Cellar/opencv/4.0.1/lib/libopencv_features2d.4.0.1.dylib; sourceTree = "<group>"; };
		2B8A791F22437C3300BF062B /* libopencv_core.4.0.1.dylib */ = {isa = PBXFileReference; lastKnownFileType = "compiled.mach-o.dylib"; name = libopencv_core.4.0.1.dylib; path = ../../../../../../usr/local/Cellar/opencv/4.0.1/lib/libopencv_core.4.0.1.dylib; sourceTree = "<group>"; };
		2B8A792022437C3300BF062B /* libopencv_shape.4.0.1.dylib */ = {isa = PBXFileReference; lastKnownFileType = "compiled.mach-o.dylib"; name = libopencv_shape.4.0.1.dylib; path = ../../../../../../usr/local/Cellar/opencv/4.0.1/lib/libopencv_shape.4.0.1.dylib; sourceTree = "<group>"; };
		2B8A792122437C3300BF062B /* libopencv_optflow.4.0.1.dylib */ = {isa = PBXFileReference; lastKnownFileType = "compiled.mach-o.dylib"; name = libopencv_optflow.4.0.1.dylib; path = ../../../../../../usr/local/Cellar/opencv/4.0.1/lib/libopencv_optflow.4.0.1.dylib; sourceTree = "<group>"; };
		2B8A792222437C3300BF062B /* libopencv_superres.4.0.1.dylib */ = {isa = PBXFileReference; lastKnownFileType = "compiled.mach-o.dylib"; name = libopencv_superres.4.0.1.dylib; path = ../../../../../../usr/local/Cellar/opencv/4.0.1/lib/libopencv_superres.4.0.1.dylib; sourceTree = "<group>"; };
		2BF7E53A2243E83400515AE1 /* libopencv_dnn.4.0.1.dylib */ = {isa = PBXFileReference; lastKnownFileType = "compiled.mach-o.dylib"; name = libopencv_dnn.4.0.1.dylib; path = ../../../../../../usr/local/Cellar/opencv/4.0.1/lib/libopencv_dnn.4.0.1.dylib; sourceTree = "<group>"; };
/* End PBXFileReference section */

/* Begin PBXFrameworksBuildPhase section */
		2B8A75B12243798100BF062B /* Frameworks */ = {
			isa = PBXFrameworksBuildPhase;
			buildActionMask = 2147483647;
			files = (
				2BF7E53B2243E83400515AE1 /* libopencv_dnn.4.0.1.dylib in Frameworks */,
				2B8A792322437C3300BF062B /* libopencv_imgproc.4.0.1.dylib in Frameworks */,
				2B8A792422437C3300BF062B /* libopencv_stitching.4.0.1.dylib in Frameworks */,
				2B8A792522437C3300BF062B /* libopencv_ml.4.0.1.dylib in Frameworks */,
				2B8A792622437C3300BF062B /* libopencv_saliency.4.0.1.dylib in Frameworks */,
				2B8A792722437C3300BF062B /* libopencv_plot.4.0.1.dylib in Frameworks */,
				2B8A792822437C3300BF062B /* libopencv_ccalib.4.0.1.dylib in Frameworks */,
				2B8A792922437C3300BF062B /* libopencv_tracking.4.0.1.dylib in Frameworks */,
				2B8A792A22437C3300BF062B /* libopencv_videoio.4.0.1.dylib in Frameworks */,
				2B8A792B22437C3300BF062B /* libopencv_aruco.4.0.1.dylib in Frameworks */,
				2B8A792C22437C3400BF062B /* libopencv_ximgproc.4.0.1.dylib in Frameworks */,
				2B8A792D22437C3400BF062B /* libopencv_xphoto.4.0.1.dylib in Frameworks */,
				2B8A792E22437C3400BF062B /* libopencv_video.4.0.1.dylib in Frameworks */,
				2B8A792F22437C3400BF062B /* libopencv_rgbd.4.0.1.dylib in Frameworks */,
				2B8A793022437C3400BF062B /* libopencv_bgsegm.4.0.1.dylib in Frameworks */,
				2B8A793122437C3400BF062B /* libopencv_objdetect.4.0.1.dylib in Frameworks */,
				2B8A793222437C3400BF062B /* libopencv_hfs.4.0.1.dylib in Frameworks */,
				2B8A793322437C3400BF062B /* libopencv_phase_unwrapping.4.0.1.dylib in Frameworks */,
				2B8A793422437C3400BF062B /* libopencv_stereo.4.0.1.dylib in Frameworks */,
				2B8A793522437C3400BF062B /* libopencv_face.4.0.1.dylib in Frameworks */,
				2B8A793622437C3400BF062B /* libopencv_structured_light.4.0.1.dylib in Frameworks */,
				2B8A793722437C3400BF062B /* libopencv_videostab.4.0.1.dylib in Frameworks */,
				2B8A793822437C3400BF062B /* libopencv_xfeatures2d.4.0.1.dylib in Frameworks */,
				2B8A793922437C3400BF062B /* libopencv_calib3d.4.0.1.dylib in Frameworks */,
				2B8A793A22437C3400BF062B /* libopencv_img_hash.4.0.1.dylib in Frameworks */,
				2B8A793B22437C3400BF062B /* libopencv_fuzzy.4.0.1.dylib in Frameworks */,
				2B8A793C22437C3400BF062B /* libopencv_gapi.4.0.1.dylib in Frameworks */,
				2B8A793D22437C3400BF062B /* libopencv_xobjdetect.4.0.1.dylib in Frameworks */,
				2B8A793E22437C3400BF062B /* libopencv_highgui.4.0.1.dylib in Frameworks */,
				2B8A793F22437C3400BF062B /* libopencv_flann.4.0.1.dylib in Frameworks */,
				2B8A794022437C3400BF062B /* libopencv_photo.4.0.1.dylib in Frameworks */,
				2B8A794122437C3400BF062B /* libopencv_datasets.4.0.1.dylib in Frameworks */,
				2B8A794222437C3400BF062B /* libopencv_dnn_objdetect.4.0.1.dylib in Frameworks */,
				2B8A794322437C3400BF062B /* libopencv_reg.4.0.1.dylib in Frameworks */,
				2B8A794422437C3400BF062B /* libopencv_imgcodecs.4.0.1.dylib in Frameworks */,
				2B8A794522437C3400BF062B /* libopencv_surface_matching.4.0.1.dylib in Frameworks */,
				2B8A794622437C3400BF062B /* libopencv_bioinspired.4.0.1.dylib in Frameworks */,
				2B8A794722437C3400BF062B /* libopencv_line_descriptor.4.0.1.dylib in Frameworks */,
				2B8A794822437C3400BF062B /* libopencv_features2d.4.0.1.dylib in Frameworks */,
				2B8A794922437C3400BF062B /* libopencv_core.4.0.1.dylib in Frameworks */,
				2B8A794A22437C3400BF062B /* libopencv_shape.4.0.1.dylib in Frameworks */,
				2B8A794B22437C3400BF062B /* libopencv_optflow.4.0.1.dylib in Frameworks */,
				2B8A794C22437C3400BF062B /* libopencv_superres.4.0.1.dylib in Frameworks */,
			);
			runOnlyForDeploymentPostprocessing = 0;
		};
/* End PBXFrameworksBuildPhase section */

/* Begin PBXGroup section */
		2B8A75AB2243798100BF062B = {
			isa = PBXGroup;
			children = (
				2B8A75B62243798100BF062B /* OPENCV */,
				2B8A75B52243798100BF062B /* Products */,
				2B8A78F822437C3200BF062B /* Frameworks */,
			);
			sourceTree = "<group>";
		};
		2B8A75B52243798100BF062B /* Products */ = {
			isa = PBXGroup;
			children = (
				2B8A75B42243798100BF062B /* OPENCV */,
			);
			name = Products;
			sourceTree = "<group>";
		};
		2B8A75B62243798100BF062B /* OPENCV */ = {
			isa = PBXGroup;
			children = (
				2B8A75B72243798100BF062B /* main.cpp */,
				2B0E916822621F0300F5AFFA /* Filter.cpp */,
				2B670ADA22647D6B0073868A /* Filter.hpp */,
			);
			path = OPENCV;
			sourceTree = "<group>";
		};
		2B8A78F822437C3200BF062B /* Frameworks */ = {
			isa = PBXGroup;
			children = (
				2BF7E53A2243E83400515AE1 /* libopencv_dnn.4.0.1.dylib */,
				2B8A790122437C3300BF062B /* libopencv_aruco.4.0.1.dylib */,
				2B8A790622437C3300BF062B /* libopencv_bgsegm.4.0.1.dylib */,
				2B8A791C22437C3300BF062B /* libopencv_bioinspired.4.0.1.dylib */,
				2B8A790F22437C3300BF062B /* libopencv_calib3d.4.0.1.dylib */,
				2B8A78FE22437C3300BF062B /* libopencv_ccalib.4.0.1.dylib */,
				2B8A791F22437C3300BF062B /* libopencv_core.4.0.1.dylib */,
				2B8A791722437C3300BF062B /* libopencv_datasets.4.0.1.dylib */,
				2B8A791822437C3300BF062B /* libopencv_dnn_objdetect.4.0.1.dylib */,
				2B8A790B22437C3300BF062B /* libopencv_face.4.0.1.dylib */,
				2B8A791E22437C3300BF062B /* libopencv_features2d.4.0.1.dylib */,
				2B8A791522437C3300BF062B /* libopencv_flann.4.0.1.dylib */,
				2B8A791122437C3300BF062B /* libopencv_fuzzy.4.0.1.dylib */,
				2B8A791222437C3300BF062B /* libopencv_gapi.4.0.1.dylib */,
				2B8A790822437C3300BF062B /* libopencv_hfs.4.0.1.dylib */,
				2B8A791422437C3300BF062B /* libopencv_highgui.4.0.1.dylib */,
				2B8A791022437C3300BF062B /* libopencv_img_hash.4.0.1.dylib */,
				2B8A791A22437C3300BF062B /* libopencv_imgcodecs.4.0.1.dylib */,
				2B8A78F922437C3300BF062B /* libopencv_imgproc.4.0.1.dylib */,
				2B8A791D22437C3300BF062B /* libopencv_line_descriptor.4.0.1.dylib */,
				2B8A78FB22437C3300BF062B /* libopencv_ml.4.0.1.dylib */,
				2B8A790722437C3300BF062B /* libopencv_objdetect.4.0.1.dylib */,
				2B8A792122437C3300BF062B /* libopencv_optflow.4.0.1.dylib */,
				2B8A790922437C3300BF062B /* libopencv_phase_unwrapping.4.0.1.dylib */,
				2B8A791622437C3300BF062B /* libopencv_photo.4.0.1.dylib */,
				2B8A78FD22437C3300BF062B /* libopencv_plot.4.0.1.dylib */,
				2B8A791922437C3300BF062B /* libopencv_reg.4.0.1.dylib */,
				2B8A790522437C3300BF062B /* libopencv_rgbd.4.0.1.dylib */,
				2B8A78FC22437C3300BF062B /* libopencv_saliency.4.0.1.dylib */,
				2B8A792022437C3300BF062B /* libopencv_shape.4.0.1.dylib */,
				2B8A790A22437C3300BF062B /* libopencv_stereo.4.0.1.dylib */,
				2B8A78FA22437C3300BF062B /* libopencv_stitching.4.0.1.dylib */,
				2B8A790C22437C3300BF062B /* libopencv_structured_light.4.0.1.dylib */,
				2B8A792222437C3300BF062B /* libopencv_superres.4.0.1.dylib */,
				2B8A791B22437C3300BF062B /* libopencv_surface_matching.4.0.1.dylib */,
				2B8A78FF22437C3300BF062B /* libopencv_tracking.4.0.1.dylib */,
				2B8A790422437C3300BF062B /* libopencv_video.4.0.1.dylib */,
				2B8A790022437C3300BF062B /* libopencv_videoio.4.0.1.dylib */,
				2B8A790D22437C3300BF062B /* libopencv_videostab.4.0.1.dylib */,
				2B8A790E22437C3300BF062B /* libopencv_xfeatures2d.4.0.1.dylib */,
				2B8A790222437C3300BF062B /* libopencv_ximgproc.4.0.1.dylib */,
				2B8A791322437C3300BF062B /* libopencv_xobjdetect.4.0.1.dylib */,
				2B8A790322437C3300BF062B /* libopencv_xphoto.4.0.1.dylib */,
			);
			name = Frameworks;
			sourceTree = "<group>";
		};
/* End PBXGroup section */

/* Begin PBXNativeTarget section */
		2B8A75B32243798100BF062B /* OPENCV */ = {
			isa = PBXNativeTarget;
			buildConfigurationList = 2B8A75BB2243798100BF062B /* Build configuration list for PBXNativeTarget "OPENCV" */;
			buildPhases = (
				2B8A75B02243798100BF062B /* Sources */,
				2B8A75B12243798100BF062B /* Frameworks */,
				2B8A75B22243798100BF062B /* CopyFiles */,
			);
			buildRules = (
			);
			dependencies = (
			);
			name = OPENCV;
			productName = OPENCV;
			productReference = 2B8A75B42243798100BF062B /* OPENCV */;
			productType = "com.apple.product-type.tool";
		};
/* End PBXNativeTarget section */

/* Begin PBXProject section */
		2B8A75AC2243798100BF062B /* Project object */ = {
			isa = PBXProject;
			attributes = {
				LastUpgradeCheck = 1010;
				ORGANIZATIONNAME = "葛润泽";
				TargetAttributes = {
					2B8A75B32243798100BF062B = {
						CreatedOnToolsVersion = 10.1;
					};
				};
			};
			buildConfigurationList = 2B8A75AF2243798100BF062B /* Build configuration list for PBXProject "OPENCV" */;
			compatibilityVersion = "Xcode 9.3";
			developmentRegion = en;
			hasScannedForEncodings = 0;
			knownRegions = (
				en,
			);
			mainGroup = 2B8A75AB2243798100BF062B;
			productRefGroup = 2B8A75B52243798100BF062B /* Products */;
			projectDirPath = "";
			projectRoot = "";
			targets = (
				2B8A75B32243798100BF062B /* OPENCV */,
			);
		};
/* End PBXProject section */

/* Begin PBXSourcesBuildPhase section */
		2B8A75B02243798100BF062B /* Sources */ = {
			isa = PBXSourcesBuildPhase;
			buildActionMask = 2147483647;
			files = (
				2B8A75B82243798100BF062B /* main.cpp in Sources */,
				2B0E916A22621F0300F5AFFA /* Filter.cpp in Sources */,
			);
			runOnlyForDeploymentPostprocessing = 0;
		};
/* End PBXSourcesBuildPhase section */

/* Begin XCBuildConfiguration section */
		2B8A75B92243798100BF062B /* Debug */ = {
			isa = XCBuildConfiguration;
			buildSettings = {
				ALWAYS_SEARCH_USER_PATHS = NO;
				CLANG_ANALYZER_NONNULL = YES;
				CLANG_ANALYZER_NUMBER_OBJECT_CONVERSION = YES_AGGRESSIVE;
				CLANG_CXX_LANGUAGE_STANDARD = "gnu++14";
				CLANG_CXX_LIBRARY = "libc++";
				CLANG_ENABLE_MODULES = YES;
				CLANG_ENABLE_OBJC_ARC = YES;
				CLANG_ENABLE_OBJC_WEAK = YES;
				CLANG_WARN_BLOCK_CAPTURE_AUTORELEASING = YES;
				CLANG_WARN_BOOL_CONVERSION = YES;
				CLANG_WARN_COMMA = YES;
				CLANG_WARN_CONSTANT_CONVERSION = YES;
				CLANG_WARN_DEPRECATED_OBJC_IMPLEMENTATIONS = YES;
				CLANG_WARN_DIRECT_OBJC_ISA_USAGE = YES_ERROR;
				CLANG_WARN_DOCUMENTATION_COMMENTS = YES;
				CLANG_WARN_EMPTY_BODY = YES;
				CLANG_WARN_ENUM_CONVERSION = YES;
				CLANG_WARN_INFINITE_RECURSION = YES;
				CLANG_WARN_INT_CONVERSION = YES;
				CLANG_WARN_NON_LITERAL_NULL_CONVERSION = YES;
				CLANG_WARN_OBJC_IMPLICIT_RETAIN_SELF = YES;
				CLANG_WARN_OBJC_LITERAL_CONVERSION = YES;
				CLANG_WARN_OBJC_ROOT_CLASS = YES_ERROR;
				CLANG_WARN_RANGE_LOOP_ANALYSIS = YES;
				CLANG_WARN_STRICT_PROTOTYPES = YES;
				CLANG_WARN_SUSPICIOUS_MOVE = YES;
				CLANG_WARN_UNGUARDED_AVAILABILITY = YES_AGGRESSIVE;
				CLANG_WARN_UNREACHABLE_CODE = YES;
				CLANG_WARN__DUPLICATE_METHOD_MATCH = YES;
				CODE_SIGN_IDENTITY = "-";
				COPY_PHASE_STRIP = NO;
				DEBUG_INFORMATION_FORMAT = dwarf;
				ENABLE_STRICT_OBJC_MSGSEND = YES;
				ENABLE_TESTABILITY = YES;
				GCC_C_LANGUAGE_STANDARD = gnu11;
				GCC_DYNAMIC_NO_PIC = NO;
				GCC_NO_COMMON_BLOCKS = YES;
				GCC_OPTIMIZATION_LEVEL = 0;
				GCC_PREPROCESSOR_DEFINITIONS = (
					"DEBUG=1",
					"$(inherited)",
				);
				GCC_WARN_64_TO_32_BIT_CONVERSION = YES;
				GCC_WARN_ABOUT_RETURN_TYPE = YES_ERROR;
				GCC_WARN_UNDECLARED_SELECTOR = YES;
				GCC_WARN_UNINITIALIZED_AUTOS = YES_AGGRESSIVE;
				GCC_WARN_UNUSED_FUNCTION = YES;
				GCC_WARN_UNUSED_VARIABLE = YES;
				MACOSX_DEPLOYMENT_TARGET = 10.14;
				MTL_ENABLE_DEBUG_INFO = INCLUDE_SOURCE;
				MTL_FAST_MATH = YES;
				ONLY_ACTIVE_ARCH = YES;
				SDKROOT = macosx;
			};
			name = Debug;
		};
		2B8A75BA2243798100BF062B /* Release */ = {
			isa = XCBuildConfiguration;
			buildSettings = {
				ALWAYS_SEARCH_USER_PATHS = NO;
				CLANG_ANALYZER_NONNULL = YES;
				CLANG_ANALYZER_NUMBER_OBJECT_CONVERSION = YES_AGGRESSIVE;
				CLANG_CXX_LANGUAGE_STANDARD = "gnu++14";
				CLANG_CXX_LIBRARY = "libc++";
				CLANG_ENABLE_MODULES = YES;
				CLANG_ENABLE_OBJC_ARC = YES;
				CLANG_ENABLE_OBJC_WEAK = YES;
				CLANG_WARN_BLOCK_CAPTURE_AUTORELEASING = YES;
				CLANG_WARN_BOOL_CONVERSION = YES;
				CLANG_WARN_COMMA = YES;
				CLANG_WARN_CONSTANT_CONVERSION = YES;
				CLANG_WARN_DEPRECATED_OBJC_IMPLEMENTATIONS = YES;
				CLANG_WARN_DIRECT_OBJC_ISA_USAGE = YES_ERROR;
				CLANG_WARN_DOCUMENTATION_COMMENTS = YES;
				CLANG_WARN_EMPTY_BODY = YES;
				CLANG_WARN_ENUM_CONVERSION = YES;
				CLANG_WARN_INFINITE_RECURSION = YES;
				CLANG_WARN_INT_CONVERSION = YES;
				CLANG_WARN_NON_LITERAL_NULL_CONVERSION = YES;
				CLANG_WARN_OBJC_IMPLICIT_RETAIN_SELF = YES;
				CLANG_WARN_OBJC_LITERAL_CONVERSION = YES;
				CLANG_WARN_OBJC_ROOT_CLASS = YES_ERROR;
				CLANG_WARN_RANGE_LOOP_ANALYSIS = YES;
				CLANG_WARN_STRICT_PROTOTYPES = YES;
				CLANG_WARN_SUSPICIOUS_MOVE = YES;
				CLANG_WARN_UNGUARDED_AVAILABILITY = YES_AGGRESSIVE;
				CLANG_WARN_UNREACHABLE_CODE = YES;
				CLANG_WARN__DUPLICATE_METHOD_MATCH = YES;
				CODE_SIGN_IDENTITY = "-";
				COPY_PHASE_STRIP = NO;
				DEBUG_INFORMATION_FORMAT = "dwarf-with-dsym";
				ENABLE_NS_ASSERTIONS = NO;
				ENABLE_STRICT_OBJC_MSGSEND = YES;
				GCC_C_LANGUAGE_STANDARD = gnu11;
				GCC_NO_COMMON_BLOCKS = YES;
				GCC_WARN_64_TO_32_BIT_CONVERSION = YES;
				GCC_WARN_ABOUT_RETURN_TYPE = YES_ERROR;
				GCC_WARN_UNDECLARED_SELECTOR = YES;
				GCC_WARN_UNINITIALIZED_AUTOS = YES_AGGRESSIVE;
				GCC_WARN_UNUSED_FUNCTION = YES;
				GCC_WARN_UNUSED_VARIABLE = YES;
				MACOSX_DEPLOYMENT_TARGET = 10.14;
				MTL_ENABLE_DEBUG_INFO = NO;
				MTL_FAST_MATH = YES;
				SDKROOT = macosx;
			};
			name = Release;
		};
		2B8A75BC2243798100BF062B /* Debug */ = {
			isa = XCBuildConfiguration;
			buildSettings = {
				CODE_SIGN_STYLE = Automatic;
				HEADER_SEARCH_PATHS = /usr/local/Cellar/opencv/4.0.1/include/opencv4;
				LIBRARY_SEARCH_PATHS = (
					"$(inherited)",
					/usr/local/Cellar/opencv/4.0.1/lib,
				);
				PRODUCT_NAME = "$(TARGET_NAME)";
			};
			name = Debug;
		};
		2B8A75BD2243798100BF062B /* Release */ = {
			isa = XCBuildConfiguration;
			buildSettings = {
				CODE_SIGN_STYLE = Automatic;
				HEADER_SEARCH_PATHS = /usr/local/Cellar/opencv/4.0.1/include/opencv4;
				LIBRARY_SEARCH_PATHS = (
					"$(inherited)",
					/usr/local/Cellar/opencv/4.0.1/lib,
				);
				PRODUCT_NAME = "$(TARGET_NAME)";
			};
			name = Release;
		};
/* End XCBuildConfiguration section */

/* Begin XCConfigurationList section */
		2B8A75AF2243798100BF062B /* Build configuration list for PBXProject "OPENCV" */ = {
			isa = XCConfigurationList;
			buildConfigurations = (
				2B8A75B92243798100BF062B /* Debug */,
				2B8A75BA2243798100BF062B /* Release */,
			);
			defaultConfigurationIsVisible = 0;
			defaultConfigurationName = Release;
		};
		2B8A75BB2243798100BF062B /* Build configuration list for PBXNativeTarget "OPENCV" */ = {
			isa = XCConfigurationList;
			buildConfigurations = (
				2B8A75BC2243798100BF062B /* Debug */,
				2B8A75BD2243798100BF062B /* Release */,
			);
			defaultConfigurationIsVisible = 0;
			defaultConfigurationName = Release;
		};
/* End XCConfigurationList section */
	};
	rootObject = 2B8A75AC2243798100BF062B /* Project object */;
}
